
Microsoft Visual Studio Solution File, Format Version 12.00
# Visual Studio Version 17
VisualStudioVersion = 17.1.32328.378
MinimumVisualStudioVersion = 10.0.40219.1
Project("{FAE04EC0-301F-11D3-BF4B-00C04F79EFBC}") = "insecuredeserialization_app", "insecuredeserialization_app\insecuredeserialization_app.csproj", "{87C92777-5C29-49D8-BB18-132B5892A25B}"
EndProject
Global
	GlobalSection(SolutionConfigurationPlatforms) = preSolution
		Debug|Any CPU = Debug|Any CPU
		Release|Any CPU = Release|Any CPU
	EndGlobalSection
	GlobalSection(ProjectConfigurationPlatforms) = postSolution
		{87C92777-5C29-49D8-BB18-132B5892A25B}.Debug|Any CPU.ActiveCfg = Debug|Any CPU
		{87C92777-5C29-49D8-BB18-132B5892A25B}.Debug|Any CPU.Build.0 = Debug|Any CPU
		{87C92777-5C29-49D8-BB18-132B5892A25B}.Release|Any CPU.ActiveCfg = Release|Any CPU
		{87C92777-5C29-49D8-BB18-132B5892A25B}.Release|Any CPU.Build.0 = Release|Any CPU
	EndGlobalSection
	GlobalSection(SolutionProperties) = preSolution
		HideSolutionNode = FALSE
	EndGlobalSection
	GlobalSection(ExtensibilityGlobals) = postSolution
		SolutionGuid = {7C044FA2-A2BC-46DE-B3BF-879EA532AA44}
	EndGlobalSection
EndGlobal
